// !$*UTF8*$!
{
	archiveVersion = 1;
	classes = {
	};
	objectVersion = 46;
	objects = {

/* Begin PBXBuildFile section */
		8E750D081D6A102D00DF6F72 /* AppDelegate.swift in Sources */ = {isa = PBXBuildFile; fileRef = 8E750D071D6A102D00DF6F72 /* AppDelegate.swift */; };
		8E750D0A1D6A102D00DF6F72 /* ViewController.swift in Sources */ = {isa = PBXBuildFile; fileRef = 8E750D091D6A102D00DF6F72 /* ViewController.swift */; };
		8E750D0D1D6A102D00DF6F72 /* Main.storyboard in Resources */ = {isa = PBXBuildFile; fileRef = 8E750D0B1D6A102D00DF6F72 /* Main.storyboard */; };
		8E750D0F1D6A102D00DF6F72 /* Assets.xcassets in Resources */ = {isa = PBXBuildFile; fileRef = 8E750D0E1D6A102D00DF6F72 /* Assets.xcassets */; };
		8E750D121D6A102D00DF6F72 /* LaunchScreen.storyboard in Resources */ = {isa = PBXBuildFile; fileRef = 8E750D101D6A102D00DF6F72 /* LaunchScreen.storyboard */; };
		8E750D1A1D6A19FF00DF6F72 /* CounterButton.swift in Sources */ = {isa = PBXBuildFile; fileRef = 8E750D191D6A19FF00DF6F72 /* CounterButton.swift */; };
/* End PBXBuildFile section */

/* Begin PBXFileReference section */
		8E750D041D6A102C00DF6F72 /* Counter.app */ = {isa = PBXFileReference; explicitFileType = wrapper.application; includeInIndex = 0; path = Counter.app; sourceTree = BUILT_PRODUCTS_DIR; };
		8E750D071D6A102D00DF6F72 /* AppDelegate.swift */ = {isa = PBXFileReference; lastKnownFileType = sourcecode.swift; path = AppDelegate.swift; sourceTree = "<group>"; };
		8E750D091D6A102D00DF6F72 /* ViewController.swift */ = {isa = PBXFileReference; lastKnownFileType = sourcecode.swift; path = ViewController.swift; sourceTree = "<group>"; };
		8E750D0C1D6A102D00DF6F72 /* Base */ = {isa = PBXFileReference; lastKnownFileType = file.storyboard; name = Base; path = Base.lproj/Main.storyboard; sourceTree = "<group>"; };
		8E750D0E1D6A102D00DF6F72 /* Assets.xcassets */ = {isa = PBXFileReference; lastKnownFileType = folder.assetcatalog; path = Assets.xcassets; sourceTree = "<group>"; };
		8E750D111D6A102D00DF6F72 /* Base */ = {isa = PBXFileReference; lastKnownFileType = file.storyboard; name = Base; path = Base.lproj/LaunchScreen.storyboard; sourceTree = "<group>"; };
		8E750D131D6A102D00DF6F72 /* Info.plist */ = {isa = PBXFileReference; lastKnownFileType = text.plist.xml; path = Info.plist; sourceTree = "<group>"; };
		8E750D191D6A19FF00DF6F72 /* CounterButton.swift */ = {isa = PBXFileReference; fileEncoding = 4; lastKnownFileType = sourcecode.swift; path = CounterButton.swift; sourceTree = "<group>"; };
/* End PBXFileReference section */

/* Begin PBXFrameworksBuildPhase section */
		8E750D011D6A102C00DF6F72 /* Frameworks */ = {
			isa = PBXFrameworksBuildPhase;
			buildActionMask = 2147483647;
			files = (
			);
			runOnlyForDeploymentPostprocessing = 0;
		};
/* End PBXFrameworksBuildPhase section */

/* Begin PBXGroup section */
		8E750CFB1D6A102C00DF6F72 = {
			isa = PBXGroup;
			children = (
				8E750D061D6A102D00DF6F72 /* Counter */,
				8E750D051D6A102C00DF6F72 /* Products */,
			);
			sourceTree = "<group>";
		};
		8E750D051D6A102C00DF6F72 /* Products */ = {
			isa = PBXGroup;
			children = (
				8E750D041D6A102C00DF6F72 /* Counter.app */,
			);
			name = Products;
			sourceTree = "<group>";
		};
		8E750D061D6A102D00DF6F72 /* Counter */ = {
			isa = PBXGroup;
			children = (
				8E750D071D6A102D00DF6F72 /* AppDelegate.swift */,
				8E750D091D6A102D00DF6F72 /* ViewController.swift */,
				8E750D191D6A19FF00DF6F72 /* CounterButton.swift */,
				8E750D0B1D6A102D00DF6F72 /* Main.storyboard */,
				8E750D0E1D6A102D00DF6F72 /* Assets.xcassets */,
				8E750D101D6A102D00DF6F72 /* LaunchScreen.storyboard */,
				8E750D131D6A102D00DF6F72 /* Info.plist */,
			);
			path = Counter;
			sourceTree = "<group>";
		};
/* End PBXGroup section */

/* Begin PBXNativeTarget section */
		8E750D031D6A102C00DF6F72 /* Counter */ = {
			isa = PBXNativeTarget;
			buildConfigurationList = 8E750D161D6A102D00DF6F72 /* Build configuration list for PBXNativeTarget "Counter" */;
			buildPhases = (
				8E750D001D6A102C00DF6F72 /* Sources */,
				8E750D011D6A102C00DF6F72 /* Frameworks */,
				8E750D021D6A102C00DF6F72 /* Resources */,
			);
			buildRules = (
			);
			dependencies = (
			);
			name = Counter;
			productName = Counter;
			productReference = 8E750D041D6A102C00DF6F72 /* Counter.app */;
			productType = "com.apple.product-type.application";
		};
/* End PBXNativeTarget section */

/* Begin PBXProject section */
		8E750CFC1D6A102C00DF6F72 /* Project object */ = {
			isa = PBXProject;
			attributes = {
				LastSwiftUpdateCheck = 0730;
				LastUpgradeCheck = 0730;
				ORGANIZATIONNAME = "Gordon Seto";
				TargetAttributes = {
					8E750D031D6A102C00DF6F72 = {
						CreatedOnToolsVersion = 7.3.1;
					};
				};
			};
			buildConfigurationList = 8E750CFF1D6A102C00DF6F72 /* Build configuration list for PBXProject "Counter" */;
			compatibilityVersion = "Xcode 3.2";
			developmentRegion = English;
			hasScannedForEncodings = 0;
			knownRegions = (
				en,
				Base,
			);
			mainGroup = 8E750CFB1D6A102C00DF6F72;
			productRefGroup = 8E750D051D6A102C00DF6F72 /* Products */;
			projectDirPath = "";
			projectRoot = "";
			targets = (
				8E750D031D6A102C00DF6F72 /* Counter */,
			);
		};
/* End PBXProject section */

/* Begin PBXResourcesBuildPhase section */
		8E750D021D6A102C00DF6F72 /* Resources */ = {
			isa = PBXResourcesBuildPhase;
			buildActionMask = 2147483647;
			files = (
				8E750D121D6A102D00DF6F72 /* LaunchScreen.storyboard in Resources */,
				8E750D0F1D6A102D00DF6F72 /* Assets.xcassets in Resources */,
				8E750D0D1D6A102D00DF6F72 /* Main.storyboard in Resources */,
			);
			runOnlyForDeploymentPostprocessing = 0;
		};
/* End PBXResourcesBuildPhase section */

/* Begin PBXSourcesBuildPhase section */
		8E750D001D6A102C00DF6F72 /* Sources */ = {
			isa = PBXSourcesBuildPhase;
			buildActionMask = 2147483647;
			files = (
				8E750D0A1D6A102D00DF6F72 /* ViewController.swift in Sources */,
				8E750D1A1D6A19FF00DF6F72 /* CounterButton.swift in Sources */,
				8E750D081D6A102D00DF6F72 /* AppDelegate.swift in Sources */,
			);
			runOnlyForDeploymentPostprocessing = 0;
		};
/* End PBXSourcesBuildPhase section */

/* Begin PBXVariantGroup section */
		8E750D0B1D6A102D00DF6F72 /* Main.storyboard */ = {
			isa = PBXVariantGroup;
			children = (
				8E750D0C1D6A102D00DF6F72 /* Base */,
			);
			name = Main.storyboard;
			sourceTree = "<group>";
		};
		8E750D101D6A102D00DF6F72 /* LaunchScreen.storyboard */ = {
			isa = PBXVariantGroup;
			children = (
				8E750D111D6A102D00DF6F72 /* Base */,
			);
			name = LaunchScreen.storyboard;
			sourceTree = "<group>";
		};
/* End PBXVariantGroup section */

/* Begin XCBuildConfiguration section */
		8E750D141D6A102D00DF6F72 /* Debug */ = {
			isa = XCBuildConfiguration;
			buildSettings = {
				ALWAYS_SEARCH_USER_PATHS = NO;
				CLANG_ANALYZER_NONNULL = YES;
				CLANG_CXX_LANGUAGE_STANDARD = "gnu++0x";
				CLANG_CXX_LIBRARY = "libc++";
				CLANG_ENABLE_MODULES = YES;
				CLANG_ENABLE_OBJC_ARC = YES;
				CLANG_WARN_BOOL_CONVERSION = YES;
				CLANG_WARN_CONSTANT_CONVERSION = YES;
				CLANG_WARN_DIRECT_OBJC_ISA_USAGE = YES_ERROR;
				CLANG_WARN_EMPTY_BODY = YES;
				CLANG_WARN_ENUM_CONVERSION = YES;
				CLANG_WARN_INT_CONVERSION = YES;
				CLANG_WARN_OBJC_ROOT_CLASS = YES_ERROR;
				CLANG_WARN_UNREACHABLE_CODE = YES;
				CLANG_WARN__DUPLICATE_METHOD_MATCH = YES;
				"CODE_SIGN_IDENTITY[sdk=iphoneos*]" = "iPhone Developer";
				COPY_PHASE_STRIP = NO;
				DEBUG_INFORMATION_FORMAT = dwarf;
				ENABLE_STRICT_OBJC_MSGSEND = YES;
				ENABLE_TESTABILITY = YES;
				GCC_C_LANGUAGE_STANDARD = gnu99;
				GCC_DYNAMIC_NO_PIC = NO;
				GCC_NO_COMMON_BLOCKS = YES;
				GCC_OPTIMIZATION_LEVEL = 0;
				GCC_PREPROCESSOR_DEFINITIONS = (
					"DEBUG=1",
					"$(inherited)",
				);
				GCC_WARN_64_TO_32_BIT_CONVERSION = YES;
				GCC_WARN_ABOUT_RETURN_TYPE = YES_ERROR;
				GCC_WARN_UNDECLARED_SELECTOR = YES;
				GCC_WARN_UNINITIALIZED_AUTOS = YES_AGGRESSIVE;
				GCC_WARN_UNUSED_FUNCTION = YES;
				GCC_WARN_UNUSED_VARIABLE = YES;
				IPHONEOS_DEPLOYMENT_TARGET = 9.3;
				MTL_ENABLE_DEBUG_INFO = YES;
				ONLY_ACTIVE_ARCH = YES;
				SDKROOT = iphoneos;
				SWIFT_OPTIMIZATION_LEVEL = "-Onone";
			};
			name = Debug;
		};
		8E750D151D6A102D00DF6F72 /* Release */ = {
			isa = XCBuildConfiguration;
			buildSettings = {
				ALWAYS_SEARCH_USER_PATHS = NO;
				CLANG_ANALYZER_NONNULL = YES;
				CLANG_CXX_LANGUAGE_STANDARD = "gnu++0x";
				CLANG_CXX_LIBRARY = "libc++";
				CLANG_ENABLE_MODULES = YES;
				CLANG_ENABLE_OBJC_ARC = YES;
				CLANG_WARN_BOOL_CONVERSION = YES;
				CLANG_WARN_CONSTANT_CONVERSION = YES;
				CLANG_WARN_DIRECT_OBJC_ISA_USAGE = YES_ERROR;
				CLANG_WARN_EMPTY_BODY = YES;
				CLANG_WARN_ENUM_CONVERSION = YES;
				CLANG_WARN_INT_CONVERSION = YES;
				CLANG_WARN_OBJC_ROOT_CLASS = YES_ERROR;
				CLANG_WARN_UNREACHABLE_CODE = YES;
				CLANG_WARN__DUPLICATE_METHOD_MATCH = YES;
				"CODE_SIGN_IDENTITY[sdk=iphoneos*]" = "iPhone Developer";
				COPY_PHASE_STRIP = NO;
				DEBUG_INFORMATION_FORMAT = "dwarf-with-dsym";
				ENABLE_NS_ASSERTIONS = NO;
				ENABLE_STRICT_OBJC_MSGSEND = YES;
				GCC_C_LANGUAGE_STANDARD = gnu99;
				GCC_NO_COMMON_BLOCKS = YES;
				GCC_WARN_64_TO_32_BIT_CONVERSION = YES;
				GCC_WARN_ABOUT_RETURN_TYPE = YES_ERROR;
				GCC_WARN_UNDECLARED_SELECTOR = YES;
				GCC_WARN_UNINITIALIZED_AUTOS = YES_AGGRESSIVE;
				GCC_WARN_UNUSED_FUNCTION = YES;
				GCC_WARN_UNUSED_VARIABLE = YES;
				IPHONEOS_DEPLOYMENT_TARGET = 9.3;
				MTL_ENABLE_DEBUG_INFO = NO;
				SDKROOT = iphoneos;
				VALIDATE_PRODUCT = YES;
			};
			name = Release;
		};
		8E750D171D6A102D00DF6F72 /* Debug */ = {
			isa = XCBuildConfiguration;
			buildSettings = {
				ASSETCATALOG_COMPILER_APPICON_NAME = AppIcon;
				INFOPLIST_FILE = Counter/Info.plist;
				LD_RUNPATH_SEARCH_PATHS = "$(inherited) @executable_path/Frameworks";
				PRODUCT_BUNDLE_IDENTIFIER = com.gordonseto.Counter;
				PRODUCT_NAME = "$(TARGET_NAME)";
			};
			name = Debug;
		};
		8E750D181D6A102D00DF6F72 /* Release */ = {
			isa = XCBuildConfiguration;
			buildSettings = {
				ASSETCATALOG_COMPILER_APPICON_NAME = AppIcon;
				INFOPLIST_FILE = Counter/Info.plist;
				LD_RUNPATH_SEARCH_PATHS = "$(inherited) @executable_path/Frameworks";
				PRODUCT_BUNDLE_IDENTIFIER = com.gordonseto.Counter;
				PRODUCT_NAME = "$(TARGET_NAME)";
			};
			name = Release;
		};
/* End XCBuildConfiguration section */

/* Begin XCConfigurationList section */
		8E750CFF1D6A102C00DF6F72 /* Build configuration list for PBXProject "Counter" */ = {
			isa = XCConfigurationList;
			buildConfigurations = (
				8E750D141D6A102D00DF6F72 /* Debug */,
				8E750D151D6A102D00DF6F72 /* Release */,
			);
			defaultConfigurationIsVisible = 0;
			defaultConfigurationName = Release;
		};
		8E750D161D6A102D00DF6F72 /* Build configuration list for PBXNativeTarget "Counter" */ = {
			isa = XCConfigurationList;
			buildConfigurations = (
				8E750D171D6A102D00DF6F72 /* Debug */,
				8E750D181D6A102D00DF6F72 /* Release */,
			);
			defaultConfigurationIsVisible = 0;
		};
/* End XCConfigurationList section */
	};
	rootObject = 8E750CFC1D6A102C00DF6F72 /* Project object */;
}
